
Microsoft Visual Studio Solution File, Format Version 12.00
# Visual Studio Version 17
VisualStudioVersion = 17.2.32505.173
MinimumVisualStudioVersion = 10.0.40219.1
Project("{FAE04EC0-301F-11D3-BF4B-00C04F79EFBC}") = "WebAPI_MXH", "WebAPI_MXH\WebAPI_MXH.csproj", "{62998821-9D41-41AE-A675-F818DF9D05AD}"
EndProject
Global
	GlobalSection(SolutionConfigurationPlatforms) = preSolution
		Debug|Any CPU = Debug|Any CPU
		Release|Any CPU = Release|Any CPU
	EndGlobalSection
	GlobalSection(ProjectConfigurationPlatforms) = postSolution
		{62998821-9D41-41AE-A675-F818DF9D05AD}.Debug|Any CPU.ActiveCfg = Debug|Any CPU
		{62998821-9D41-41AE-A675-F818DF9D05AD}.Debug|Any CPU.Build.0 = Debug|Any CPU
		{62998821-9D41-41AE-A675-F818DF9D05AD}.Release|Any CPU.ActiveCfg = Release|Any CPU
		{62998821-9D41-41AE-A675-F818DF9D05AD}.Release|Any CPU.Build.0 = Release|Any CPU
	EndGlobalSection
	GlobalSection(SolutionProperties) = preSolution
		HideSolutionNode = FALSE
	EndGlobalSection
	GlobalSection(ExtensibilityGlobals) = postSolution
		SolutionGuid = {8C567336-D9F4-40BB-B3D7-C1495A33EAFA}
	EndGlobalSection
EndGlobal
